
Microsoft Visual Studio Solution File, Format Version 12.00
# Visual Studio Version 16
VisualStudioVersion = 16.0.30330.147
MinimumVisualStudioVersion = 10.0.40219.1
Project("{9A19103F-16F7-4668-BE54-9A1E7A4F7556}") = "AgaSoft.Client.Web", "AgaSoft.Client.Web\AgaSoft.Client.Web.csproj", "{A332A1F4-C562-4D1F-A607-0DFCD6D61567}"
EndProject
Project("{FAE04EC0-301F-11D3-BF4B-00C04F79EFBC}") = "AgaSoft.Client.Model", "AgaSoft.Client.Model\AgaSoft.Client.Model.csproj", "{C2055A96-C3DD-4013-941A-1173810BBD94}"
EndProject
Global
	GlobalSection(SolutionConfigurationPlatforms) = preSolution
		Debug|Any CPU = Debug|Any CPU
		Release|Any CPU = Release|Any CPU
	EndGlobalSection
	GlobalSection(ProjectConfigurationPlatforms) = postSolution
		{A332A1F4-C562-4D1F-A607-0DFCD6D61567}.Debug|Any CPU.ActiveCfg = Debug|Any CPU
		{A332A1F4-C562-4D1F-A607-0DFCD6D61567}.Debug|Any CPU.Build.0 = Debug|Any CPU
		{A332A1F4-C562-4D1F-A607-0DFCD6D61567}.Release|Any CPU.ActiveCfg = Release|Any CPU
		{A332A1F4-C562-4D1F-A607-0DFCD6D61567}.Release|Any CPU.Build.0 = Release|Any CPU
		{C2055A96-C3DD-4013-941A-1173810BBD94}.Debug|Any CPU.ActiveCfg = Debug|Any CPU
		{C2055A96-C3DD-4013-941A-1173810BBD94}.Debug|Any CPU.Build.0 = Debug|Any CPU
		{C2055A96-C3DD-4013-941A-1173810BBD94}.Release|Any CPU.ActiveCfg = Release|Any CPU
		{C2055A96-C3DD-4013-941A-1173810BBD94}.Release|Any CPU.Build.0 = Release|Any CPU
	EndGlobalSection
	GlobalSection(SolutionProperties) = preSolution
		HideSolutionNode = FALSE
	EndGlobalSection
	GlobalSection(ExtensibilityGlobals) = postSolution
		SolutionGuid = {73F391F7-5B6D-4E6B-AA32-D6EA6ADAE56C}
	EndGlobalSection
EndGlobal
